
Microsoft Visual Studio Solution File, Format Version 12.00
# Visual Studio 2012
Project("{8BC9CEB8-8B4A-11D0-8D11-00A0C91BC942}") = "Neptune", "Neptune\Neptune.vcxproj", "{03518886-D63B-496F-AB0B-736002D5A841}"
	ProjectSection(ProjectDependencies) = postProject
		{E022FB06-D6D1-463F-8C05-14D4F85274FD} = {E022FB06-D6D1-463F-8C05-14D4F85274FD}
		{6CE5C68A-D1F2-4390-ACA3-FDA5A784246E} = {6CE5C68A-D1F2-4390-ACA3-FDA5A784246E}
		{0B71FAC4-C00B-441D-AD14-82DA226384CD} = {0B71FAC4-C00B-441D-AD14-82DA226384CD}
		{A70D09EC-2298-4E78-9753-17B89101C59F} = {A70D09EC-2298-4E78-9753-17B89101C59F}
		{0E2BA3F6-9978-4CAE-ADF0-156557269126} = {0E2BA3F6-9978-4CAE-ADF0-156557269126}
	EndProjectSection
EndProject
Project("{8BC9CEB8-8B4A-11D0-8D11-00A0C91BC942}") = "Engine", "Engine\Engine.vcxproj", "{6CE5C68A-D1F2-4390-ACA3-FDA5A784246E}"
	ProjectSection(ProjectDependencies) = postProject
		{E022FB06-D6D1-463F-8C05-14D4F85274FD} = {E022FB06-D6D1-463F-8C05-14D4F85274FD}
		{0B71FAC4-C00B-441D-AD14-82DA226384CD} = {0B71FAC4-C00B-441D-AD14-82DA226384CD}
		{A70D09EC-2298-4E78-9753-17B89101C59F} = {A70D09EC-2298-4E78-9753-17B89101C59F}
		{0E2BA3F6-9978-4CAE-ADF0-156557269126} = {0E2BA3F6-9978-4CAE-ADF0-156557269126}
	EndProjectSection
EndProject
Project("{8BC9CEB8-8B4A-11D0-8D11-00A0C91BC942}") = "Renderer", "Renderer\Renderer.vcxproj", "{0B71FAC4-C00B-441D-AD14-82DA226384CD}"
EndProject
Project("{8BC9CEB8-8B4A-11D0-8D11-00A0C91BC942}") = "Memory", "Memory\Memory.vcxproj", "{0E2BA3F6-9978-4CAE-ADF0-156557269126}"
EndProject
Project("{8BC9CEB8-8B4A-11D0-8D11-00A0C91BC942}") = "Common", "Common\Common.vcxproj", "{A70D09EC-2298-4E78-9753-17B89101C59F}"
	ProjectSection(ProjectDependencies) = postProject
		{0E2BA3F6-9978-4CAE-ADF0-156557269126} = {0E2BA3F6-9978-4CAE-ADF0-156557269126}
	EndProjectSection
EndProject
Project("{8BC9CEB8-8B4A-11D0-8D11-00A0C91BC942}") = "Script", "Script\Script.vcxproj", "{E022FB06-D6D1-463F-8C05-14D4F85274FD}"
	ProjectSection(ProjectDependencies) = postProject
		{A70D09EC-2298-4E78-9753-17B89101C59F} = {A70D09EC-2298-4E78-9753-17B89101C59F}
		{0E2BA3F6-9978-4CAE-ADF0-156557269126} = {0E2BA3F6-9978-4CAE-ADF0-156557269126}
	EndProjectSection
EndProject
Global
	GlobalSection(SolutionConfigurationPlatforms) = preSolution
		DLL_Debug|Win32 = DLL_Debug|Win32
		DLL_Release|Win32 = DLL_Release|Win32
	EndGlobalSection
	GlobalSection(ProjectConfigurationPlatforms) = postSolution
		{03518886-D63B-496F-AB0B-736002D5A841}.DLL_Debug|Win32.ActiveCfg = DLL_Debug|Win32
		{03518886-D63B-496F-AB0B-736002D5A841}.DLL_Debug|Win32.Build.0 = DLL_Debug|Win32
		{03518886-D63B-496F-AB0B-736002D5A841}.DLL_Release|Win32.ActiveCfg = DLL_Release|Win32
		{03518886-D63B-496F-AB0B-736002D5A841}.DLL_Release|Win32.Build.0 = DLL_Release|Win32
		{6CE5C68A-D1F2-4390-ACA3-FDA5A784246E}.DLL_Debug|Win32.ActiveCfg = DLL_Debug|Win32
		{6CE5C68A-D1F2-4390-ACA3-FDA5A784246E}.DLL_Debug|Win32.Build.0 = DLL_Debug|Win32
		{6CE5C68A-D1F2-4390-ACA3-FDA5A784246E}.DLL_Release|Win32.ActiveCfg = DLL_Release|Win32
		{6CE5C68A-D1F2-4390-ACA3-FDA5A784246E}.DLL_Release|Win32.Build.0 = DLL_Release|Win32
		{0B71FAC4-C00B-441D-AD14-82DA226384CD}.DLL_Debug|Win32.ActiveCfg = DLL_Debug|Win32
		{0B71FAC4-C00B-441D-AD14-82DA226384CD}.DLL_Debug|Win32.Build.0 = DLL_Debug|Win32
		{0B71FAC4-C00B-441D-AD14-82DA226384CD}.DLL_Release|Win32.ActiveCfg = DLL_Release|Win32
		{0B71FAC4-C00B-441D-AD14-82DA226384CD}.DLL_Release|Win32.Build.0 = DLL_Release|Win32
		{0E2BA3F6-9978-4CAE-ADF0-156557269126}.DLL_Debug|Win32.ActiveCfg = DLL_Debug|Win32
		{0E2BA3F6-9978-4CAE-ADF0-156557269126}.DLL_Debug|Win32.Build.0 = DLL_Debug|Win32
		{0E2BA3F6-9978-4CAE-ADF0-156557269126}.DLL_Release|Win32.ActiveCfg = DLL_Release|Win32
		{0E2BA3F6-9978-4CAE-ADF0-156557269126}.DLL_Release|Win32.Build.0 = DLL_Release|Win32
		{A70D09EC-2298-4E78-9753-17B89101C59F}.DLL_Debug|Win32.ActiveCfg = DLL_Debug|Win32
		{A70D09EC-2298-4E78-9753-17B89101C59F}.DLL_Debug|Win32.Build.0 = DLL_Debug|Win32
		{A70D09EC-2298-4E78-9753-17B89101C59F}.DLL_Release|Win32.ActiveCfg = DLL_Release|Win32
		{A70D09EC-2298-4E78-9753-17B89101C59F}.DLL_Release|Win32.Build.0 = DLL_Release|Win32
		{E022FB06-D6D1-463F-8C05-14D4F85274FD}.DLL_Debug|Win32.ActiveCfg = DLL_Debug|Win32
		{E022FB06-D6D1-463F-8C05-14D4F85274FD}.DLL_Debug|Win32.Build.0 = DLL_Debug|Win32
		{E022FB06-D6D1-463F-8C05-14D4F85274FD}.DLL_Release|Win32.ActiveCfg = DLL_Release|Win32
		{E022FB06-D6D1-463F-8C05-14D4F85274FD}.DLL_Release|Win32.Build.0 = DLL_Release|Win32
	EndGlobalSection
	GlobalSection(SolutionProperties) = preSolution
		HideSolutionNode = FALSE
	EndGlobalSection
EndGlobal
